
Microsoft Visual Studio Solution File, Format Version 12.00
# Visual Studio Version 17
VisualStudioVersion = 17.0.31903.59
MinimumVisualStudioVersion = 10.0.40219.1
Project("{2150E333-8FDC-42A3-9474-1A3956D46DE8}") = "src", "src", "{C2BE1865-1543-4EBB-9E95-92EE083BF967}"
EndProject
Project("{2150E333-8FDC-42A3-9474-1A3956D46DE8}") = "tests", "tests", "{47F5729D-17CB-4046-88FA-BB0F9F660B6E}"
EndProject
Project("{FAE04EC0-301F-11D3-BF4B-00C04F79EFBC}") = "Motus.Abstractions", "src\Motus.Abstractions\Motus.Abstractions.csproj", "{93E83DE8-820C-49A8-8A84-1C406DF6CFF7}"
EndProject
Project("{FAE04EC0-301F-11D3-BF4B-00C04F79EFBC}") = "Motus.Codegen", "src\Motus.Codegen\Motus.Codegen.csproj", "{0B0DC14D-2235-43FB-86C1-D77AD385E04E}"
EndProject
Project("{FAE04EC0-301F-11D3-BF4B-00C04F79EFBC}") = "Motus", "src\Motus\Motus.csproj", "{2FE8120B-7CA4-4F49-A35C-8B9E180A6418}"
EndProject
Project("{FAE04EC0-301F-11D3-BF4B-00C04F79EFBC}") = "Motus.Analyzers", "src\Motus.Analyzers\Motus.Analyzers.csproj", "{F2846329-748F-4607-B8A7-8AF32AB020D9}"
EndProject
Project("{FAE04EC0-301F-11D3-BF4B-00C04F79EFBC}") = "Motus.Recorder", "src\Motus.Recorder\Motus.Recorder.csproj", "{B1585762-B04F-40CF-B379-5EC8CF7C1251}"
EndProject
Project("{FAE04EC0-301F-11D3-BF4B-00C04F79EFBC}") = "Motus.Runner", "src\Motus.Runner\Motus.Runner.csproj", "{AFCD8D8C-1B26-4F6E-A922-A8DFE35A4A73}"
EndProject
Project("{FAE04EC0-301F-11D3-BF4B-00C04F79EFBC}") = "Motus.Abstractions.Tests", "tests\Motus.Abstractions.Tests\Motus.Abstractions.Tests.csproj", "{F07962F5-C9E2-4DBA-981E-B7409742BC49}"
EndProject
Project("{FAE04EC0-301F-11D3-BF4B-00C04F79EFBC}") = "Motus.Tests", "tests\Motus.Tests\Motus.Tests.csproj", "{C687CBAE-A3C7-4F59-9672-23AFBFCB0321}"
EndProject
Project("{FAE04EC0-301F-11D3-BF4B-00C04F79EFBC}") = "Motus.Codegen.Tests", "tests\Motus.Codegen.Tests\Motus.Codegen.Tests.csproj", "{92175FE9-1532-45E7-840C-F409151AAE8F}"
EndProject
Project("{FAE04EC0-301F-11D3-BF4B-00C04F79EFBC}") = "Motus.Analyzers.Tests", "tests\Motus.Analyzers.Tests\Motus.Analyzers.Tests.csproj", "{0A17E09C-E10F-4DFC-B90A-215BD4DCAB2E}"
EndProject
Project("{FAE04EC0-301F-11D3-BF4B-00C04F79EFBC}") = "Motus.Testing", "src\Motus.Testing\Motus.Testing.csproj", "{DE81B21F-884B-4323-AB42-C282F0F78FA2}"
EndProject
Project("{FAE04EC0-301F-11D3-BF4B-00C04F79EFBC}") = "Motus.Testing.MSTest", "src\Motus.Testing.MSTest\Motus.Testing.MSTest.csproj", "{14CBBE65-CAB8-40B5-9AB9-04E4DF62F167}"
EndProject
Project("{FAE04EC0-301F-11D3-BF4B-00C04F79EFBC}") = "Motus.Testing.xUnit", "src\Motus.Testing.xUnit\Motus.Testing.xUnit.csproj", "{11E6F28E-DBA8-4DEA-B63A-86B210A85ECB}"
EndProject
Project("{FAE04EC0-301F-11D3-BF4B-00C04F79EFBC}") = "Motus.Testing.NUnit", "src\Motus.Testing.NUnit\Motus.Testing.NUnit.csproj", "{1207B3ED-FC42-4130-917B-3AC8C0AE89DA}"
EndProject
Project("{FAE04EC0-301F-11D3-BF4B-00C04F79EFBC}") = "Motus.Recorder.Tests", "tests\Motus.Recorder.Tests\Motus.Recorder.Tests.csproj", "{494A0552-94FC-41AE-B12B-470C4A4B18E3}"
EndProject
Project("{FAE04EC0-301F-11D3-BF4B-00C04F79EFBC}") = "Motus.Cli", "src\Motus.Cli\Motus.Cli.csproj", "{D4A3C6E1-7B2F-4E8A-9C5D-1F6A8B3E2D47}"
EndProject
Project("{FAE04EC0-301F-11D3-BF4B-00C04F79EFBC}") = "Motus.Cli.Tests", "tests\Motus.Cli.Tests\Motus.Cli.Tests.csproj", "{A8E5F2B1-3C6D-4A9E-B7F1-2D4C8E6A5B39}"
EndProject
Global
	GlobalSection(SolutionConfigurationPlatforms) = preSolution
		Debug|Any CPU = Debug|Any CPU
		Debug|x64 = Debug|x64
		Debug|x86 = Debug|x86
		Release|Any CPU = Release|Any CPU
		Release|x64 = Release|x64
		Release|x86 = Release|x86
	EndGlobalSection
	GlobalSection(ProjectConfigurationPlatforms) = postSolution
		{93E83DE8-820C-49A8-8A84-1C406DF6CFF7}.Debug|Any CPU.ActiveCfg = Debug|Any CPU
		{93E83DE8-820C-49A8-8A84-1C406DF6CFF7}.Debug|Any CPU.Build.0 = Debug|Any CPU
		{93E83DE8-820C-49A8-8A84-1C406DF6CFF7}.Debug|x64.ActiveCfg = Debug|Any CPU
		{93E83DE8-820C-49A8-8A84-1C406DF6CFF7}.Debug|x64.Build.0 = Debug|Any CPU
		{93E83DE8-820C-49A8-8A84-1C406DF6CFF7}.Debug|x86.ActiveCfg = Debug|Any CPU
		{93E83DE8-820C-49A8-8A84-1C406DF6CFF7}.Debug|x86.Build.0 = Debug|Any CPU
		{93E83DE8-820C-49A8-8A84-1C406DF6CFF7}.Release|Any CPU.ActiveCfg = Release|Any CPU
		{93E83DE8-820C-49A8-8A84-1C406DF6CFF7}.Release|Any CPU.Build.0 = Release|Any CPU
		{93E83DE8-820C-49A8-8A84-1C406DF6CFF7}.Release|x64.ActiveCfg = Release|Any CPU
		{93E83DE8-820C-49A8-8A84-1C406DF6CFF7}.Release|x64.Build.0 = Release|Any CPU
		{93E83DE8-820C-49A8-8A84-1C406DF6CFF7}.Release|x86.ActiveCfg = Release|Any CPU
		{93E83DE8-820C-49A8-8A84-1C406DF6CFF7}.Release|x86.Build.0 = Release|Any CPU
		{0B0DC14D-2235-43FB-86C1-D77AD385E04E}.Debug|Any CPU.ActiveCfg = Debug|Any CPU
		{0B0DC14D-2235-43FB-86C1-D77AD385E04E}.Debug|Any CPU.Build.0 = Debug|Any CPU
		{0B0DC14D-2235-43FB-86C1-D77AD385E04E}.Debug|x64.ActiveCfg = Debug|Any CPU
		{0B0DC14D-2235-43FB-86C1-D77AD385E04E}.Debug|x64.Build.0 = Debug|Any CPU
		{0B0DC14D-2235-43FB-86C1-D77AD385E04E}.Debug|x86.ActiveCfg = Debug|Any CPU
		{0B0DC14D-2235-43FB-86C1-D77AD385E04E}.Debug|x86.Build.0 = Debug|Any CPU
		{0B0DC14D-2235-43FB-86C1-D77AD385E04E}.Release|Any CPU.ActiveCfg = Release|Any CPU
		{0B0DC14D-2235-43FB-86C1-D77AD385E04E}.Release|Any CPU.Build.0 = Release|Any CPU
		{0B0DC14D-2235-43FB-86C1-D77AD385E04E}.Release|x64.ActiveCfg = Release|Any CPU
		{0B0DC14D-2235-43FB-86C1-D77AD385E04E}.Release|x64.Build.0 = Release|Any CPU
		{0B0DC14D-2235-43FB-86C1-D77AD385E04E}.Release|x86.ActiveCfg = Release|Any CPU
		{0B0DC14D-2235-43FB-86C1-D77AD385E04E}.Release|x86.Build.0 = Release|Any CPU
		{2FE8120B-7CA4-4F49-A35C-8B9E180A6418}.Debug|Any CPU.ActiveCfg = Debug|Any CPU
		{2FE8120B-7CA4-4F49-A35C-8B9E180A6418}.Debug|Any CPU.Build.0 = Debug|Any CPU
		{2FE8120B-7CA4-4F49-A35C-8B9E180A6418}.Debug|x64.ActiveCfg = Debug|Any CPU
		{2FE8120B-7CA4-4F49-A35C-8B9E180A6418}.Debug|x64.Build.0 = Debug|Any CPU
		{2FE8120B-7CA4-4F49-A35C-8B9E180A6418}.Debug|x86.ActiveCfg = Debug|Any CPU
		{2FE8120B-7CA4-4F49-A35C-8B9E180A6418}.Debug|x86.Build.0 = Debug|Any CPU
		{2FE8120B-7CA4-4F49-A35C-8B9E180A6418}.Release|Any CPU.ActiveCfg = Release|Any CPU
		{2FE8120B-7CA4-4F49-A35C-8B9E180A6418}.Release|Any CPU.Build.0 = Release|Any CPU
		{2FE8120B-7CA4-4F49-A35C-8B9E180A6418}.Release|x64.ActiveCfg = Release|Any CPU
		{2FE8120B-7CA4-4F49-A35C-8B9E180A6418}.Release|x64.Build.0 = Release|Any CPU
		{2FE8120B-7CA4-4F49-A35C-8B9E180A6418}.Release|x86.ActiveCfg = Release|Any CPU
		{2FE8120B-7CA4-4F49-A35C-8B9E180A6418}.Release|x86.Build.0 = Release|Any CPU
		{F2846329-748F-4607-B8A7-8AF32AB020D9}.Debug|Any CPU.ActiveCfg = Debug|Any CPU
		{F2846329-748F-4607-B8A7-8AF32AB020D9}.Debug|Any CPU.Build.0 = Debug|Any CPU
		{F2846329-748F-4607-B8A7-8AF32AB020D9}.Debug|x64.ActiveCfg = Debug|Any CPU
		{F2846329-748F-4607-B8A7-8AF32AB020D9}.Debug|x64.Build.0 = Debug|Any CPU
		{F2846329-748F-4607-B8A7-8AF32AB020D9}.Debug|x86.ActiveCfg = Debug|Any CPU
		{F2846329-748F-4607-B8A7-8AF32AB020D9}.Debug|x86.Build.0 = Debug|Any CPU
		{F2846329-748F-4607-B8A7-8AF32AB020D9}.Release|Any CPU.ActiveCfg = Release|Any CPU
		{F2846329-748F-4607-B8A7-8AF32AB020D9}.Release|Any CPU.Build.0 = Release|Any CPU
		{F2846329-748F-4607-B8A7-8AF32AB020D9}.Release|x64.ActiveCfg = Release|Any CPU
		{F2846329-748F-4607-B8A7-8AF32AB020D9}.Release|x64.Build.0 = Release|Any CPU
		{F2846329-748F-4607-B8A7-8AF32AB020D9}.Release|x86.ActiveCfg = Release|Any CPU
		{F2846329-748F-4607-B8A7-8AF32AB020D9}.Release|x86.Build.0 = Release|Any CPU
		{B1585762-B04F-40CF-B379-5EC8CF7C1251}.Debug|Any CPU.ActiveCfg = Debug|Any CPU
		{B1585762-B04F-40CF-B379-5EC8CF7C1251}.Debug|Any CPU.Build.0 = Debug|Any CPU
		{B1585762-B04F-40CF-B379-5EC8CF7C1251}.Debug|x64.ActiveCfg = Debug|Any CPU
		{B1585762-B04F-40CF-B379-5EC8CF7C1251}.Debug|x64.Build.0 = Debug|Any CPU
		{B1585762-B04F-40CF-B379-5EC8CF7C1251}.Debug|x86.ActiveCfg = Debug|Any CPU
		{B1585762-B04F-40CF-B379-5EC8CF7C1251}.Debug|x86.Build.0 = Debug|Any CPU
		{B1585762-B04F-40CF-B379-5EC8CF7C1251}.Release|Any CPU.ActiveCfg = Release|Any CPU
		{B1585762-B04F-40CF-B379-5EC8CF7C1251}.Release|Any CPU.Build.0 = Release|Any CPU
		{B1585762-B04F-40CF-B379-5EC8CF7C1251}.Release|x64.ActiveCfg = Release|Any CPU
		{B1585762-B04F-40CF-B379-5EC8CF7C1251}.Release|x64.Build.0 = Release|Any CPU
		{B1585762-B04F-40CF-B379-5EC8CF7C1251}.Release|x86.ActiveCfg = Release|Any CPU
		{B1585762-B04F-40CF-B379-5EC8CF7C1251}.Release|x86.Build.0 = Release|Any CPU
		{AFCD8D8C-1B26-4F6E-A922-A8DFE35A4A73}.Debug|Any CPU.ActiveCfg = Debug|Any CPU
		{AFCD8D8C-1B26-4F6E-A922-A8DFE35A4A73}.Debug|Any CPU.Build.0 = Debug|Any CPU
		{AFCD8D8C-1B26-4F6E-A922-A8DFE35A4A73}.Debug|x64.ActiveCfg = Debug|Any CPU
		{AFCD8D8C-1B26-4F6E-A922-A8DFE35A4A73}.Debug|x64.Build.0 = Debug|Any CPU
		{AFCD8D8C-1B26-4F6E-A922-A8DFE35A4A73}.Debug|x86.ActiveCfg = Debug|Any CPU
		{AFCD8D8C-1B26-4F6E-A922-A8DFE35A4A73}.Debug|x86.Build.0 = Debug|Any CPU
		{AFCD8D8C-1B26-4F6E-A922-A8DFE35A4A73}.Release|Any CPU.ActiveCfg = Release|Any CPU
		{AFCD8D8C-1B26-4F6E-A922-A8DFE35A4A73}.Release|Any CPU.Build.0 = Release|Any CPU
		{AFCD8D8C-1B26-4F6E-A922-A8DFE35A4A73}.Release|x64.ActiveCfg = Release|Any CPU
		{AFCD8D8C-1B26-4F6E-A922-A8DFE35A4A73}.Release|x64.Build.0 = Release|Any CPU
		{AFCD8D8C-1B26-4F6E-A922-A8DFE35A4A73}.Release|x86.ActiveCfg = Release|Any CPU
		{AFCD8D8C-1B26-4F6E-A922-A8DFE35A4A73}.Release|x86.Build.0 = Release|Any CPU
		{F07962F5-C9E2-4DBA-981E-B7409742BC49}.Debug|Any CPU.ActiveCfg = Debug|Any CPU
		{F07962F5-C9E2-4DBA-981E-B7409742BC49}.Debug|Any CPU.Build.0 = Debug|Any CPU
		{F07962F5-C9E2-4DBA-981E-B7409742BC49}.Debug|x64.ActiveCfg = Debug|Any CPU
		{F07962F5-C9E2-4DBA-981E-B7409742BC49}.Debug|x64.Build.0 = Debug|Any CPU
		{F07962F5-C9E2-4DBA-981E-B7409742BC49}.Debug|x86.ActiveCfg = Debug|Any CPU
		{F07962F5-C9E2-4DBA-981E-B7409742BC49}.Debug|x86.Build.0 = Debug|Any CPU
		{F07962F5-C9E2-4DBA-981E-B7409742BC49}.Release|Any CPU.ActiveCfg = Release|Any CPU
		{F07962F5-C9E2-4DBA-981E-B7409742BC49}.Release|Any CPU.Build.0 = Release|Any CPU
		{F07962F5-C9E2-4DBA-981E-B7409742BC49}.Release|x64.ActiveCfg = Release|Any CPU
		{F07962F5-C9E2-4DBA-981E-B7409742BC49}.Release|x64.Build.0 = Release|Any CPU
		{F07962F5-C9E2-4DBA-981E-B7409742BC49}.Release|x86.ActiveCfg = Release|Any CPU
		{F07962F5-C9E2-4DBA-981E-B7409742BC49}.Release|x86.Build.0 = Release|Any CPU
		{C687CBAE-A3C7-4F59-9672-23AFBFCB0321}.Debug|Any CPU.ActiveCfg = Debug|Any CPU
		{C687CBAE-A3C7-4F59-9672-23AFBFCB0321}.Debug|Any CPU.Build.0 = Debug|Any CPU
		{C687CBAE-A3C7-4F59-9672-23AFBFCB0321}.Debug|x64.ActiveCfg = Debug|Any CPU
		{C687CBAE-A3C7-4F59-9672-23AFBFCB0321}.Debug|x64.Build.0 = Debug|Any CPU
		{C687CBAE-A3C7-4F59-9672-23AFBFCB0321}.Debug|x86.ActiveCfg = Debug|Any CPU
		{C687CBAE-A3C7-4F59-9672-23AFBFCB0321}.Debug|x86.Build.0 = Debug|Any CPU
		{C687CBAE-A3C7-4F59-9672-23AFBFCB0321}.Release|Any CPU.ActiveCfg = Release|Any CPU
		{C687CBAE-A3C7-4F59-9672-23AFBFCB0321}.Release|Any CPU.Build.0 = Release|Any CPU
		{C687CBAE-A3C7-4F59-9672-23AFBFCB0321}.Release|x64.ActiveCfg = Release|Any CPU
		{C687CBAE-A3C7-4F59-9672-23AFBFCB0321}.Release|x64.Build.0 = Release|Any CPU
		{C687CBAE-A3C7-4F59-9672-23AFBFCB0321}.Release|x86.ActiveCfg = Release|Any CPU
		{C687CBAE-A3C7-4F59-9672-23AFBFCB0321}.Release|x86.Build.0 = Release|Any CPU
		{92175FE9-1532-45E7-840C-F409151AAE8F}.Debug|Any CPU.ActiveCfg = Debug|Any CPU
		{92175FE9-1532-45E7-840C-F409151AAE8F}.Debug|Any CPU.Build.0 = Debug|Any CPU
		{92175FE9-1532-45E7-840C-F409151AAE8F}.Debug|x64.ActiveCfg = Debug|Any CPU
		{92175FE9-1532-45E7-840C-F409151AAE8F}.Debug|x64.Build.0 = Debug|Any CPU
		{92175FE9-1532-45E7-840C-F409151AAE8F}.Debug|x86.ActiveCfg = Debug|Any CPU
		{92175FE9-1532-45E7-840C-F409151AAE8F}.Debug|x86.Build.0 = Debug|Any CPU
		{92175FE9-1532-45E7-840C-F409151AAE8F}.Release|Any CPU.ActiveCfg = Release|Any CPU
		{92175FE9-1532-45E7-840C-F409151AAE8F}.Release|Any CPU.Build.0 = Release|Any CPU
		{92175FE9-1532-45E7-840C-F409151AAE8F}.Release|x64.ActiveCfg = Release|Any CPU
		{92175FE9-1532-45E7-840C-F409151AAE8F}.Release|x64.Build.0 = Release|Any CPU
		{92175FE9-1532-45E7-840C-F409151AAE8F}.Release|x86.ActiveCfg = Release|Any CPU
		{92175FE9-1532-45E7-840C-F409151AAE8F}.Release|x86.Build.0 = Release|Any CPU
		{0A17E09C-E10F-4DFC-B90A-215BD4DCAB2E}.Debug|Any CPU.ActiveCfg = Debug|Any CPU
		{0A17E09C-E10F-4DFC-B90A-215BD4DCAB2E}.Debug|Any CPU.Build.0 = Debug|Any CPU
		{0A17E09C-E10F-4DFC-B90A-215BD4DCAB2E}.Debug|x64.ActiveCfg = Debug|Any CPU
		{0A17E09C-E10F-4DFC-B90A-215BD4DCAB2E}.Debug|x64.Build.0 = Debug|Any CPU
		{0A17E09C-E10F-4DFC-B90A-215BD4DCAB2E}.Debug|x86.ActiveCfg = Debug|Any CPU
		{0A17E09C-E10F-4DFC-B90A-215BD4DCAB2E}.Debug|x86.Build.0 = Debug|Any CPU
		{0A17E09C-E10F-4DFC-B90A-215BD4DCAB2E}.Release|Any CPU.ActiveCfg = Release|Any CPU
		{0A17E09C-E10F-4DFC-B90A-215BD4DCAB2E}.Release|Any CPU.Build.0 = Release|Any CPU
		{0A17E09C-E10F-4DFC-B90A-215BD4DCAB2E}.Release|x64.ActiveCfg = Release|Any CPU
		{0A17E09C-E10F-4DFC-B90A-215BD4DCAB2E}.Release|x64.Build.0 = Release|Any CPU
		{0A17E09C-E10F-4DFC-B90A-215BD4DCAB2E}.Release|x86.ActiveCfg = Release|Any CPU
		{0A17E09C-E10F-4DFC-B90A-215BD4DCAB2E}.Release|x86.Build.0 = Release|Any CPU
		{DE81B21F-884B-4323-AB42-C282F0F78FA2}.Debug|Any CPU.ActiveCfg = Debug|Any CPU
		{DE81B21F-884B-4323-AB42-C282F0F78FA2}.Debug|Any CPU.Build.0 = Debug|Any CPU
		{DE81B21F-884B-4323-AB42-C282F0F78FA2}.Debug|x64.ActiveCfg = Debug|Any CPU
		{DE81B21F-884B-4323-AB42-C282F0F78FA2}.Debug|x64.Build.0 = Debug|Any CPU
		{DE81B21F-884B-4323-AB42-C282F0F78FA2}.Debug|x86.ActiveCfg = Debug|Any CPU
		{DE81B21F-884B-4323-AB42-C282F0F78FA2}.Debug|x86.Build.0 = Debug|Any CPU
		{DE81B21F-884B-4323-AB42-C282F0F78FA2}.Release|Any CPU.ActiveCfg = Release|Any CPU
		{DE81B21F-884B-4323-AB42-C282F0F78FA2}.Release|Any CPU.Build.0 = Release|Any CPU
		{DE81B21F-884B-4323-AB42-C282F0F78FA2}.Release|x64.ActiveCfg = Release|Any CPU
		{DE81B21F-884B-4323-AB42-C282F0F78FA2}.Release|x64.Build.0 = Release|Any CPU
		{DE81B21F-884B-4323-AB42-C282F0F78FA2}.Release|x86.ActiveCfg = Release|Any CPU
		{DE81B21F-884B-4323-AB42-C282F0F78FA2}.Release|x86.Build.0 = Release|Any CPU
		{14CBBE65-CAB8-40B5-9AB9-04E4DF62F167}.Debug|Any CPU.ActiveCfg = Debug|Any CPU
		{14CBBE65-CAB8-40B5-9AB9-04E4DF62F167}.Debug|Any CPU.Build.0 = Debug|Any CPU
		{14CBBE65-CAB8-40B5-9AB9-04E4DF62F167}.Debug|x64.ActiveCfg = Debug|Any CPU
		{14CBBE65-CAB8-40B5-9AB9-04E4DF62F167}.Debug|x64.Build.0 = Debug|Any CPU
		{14CBBE65-CAB8-40B5-9AB9-04E4DF62F167}.Debug|x86.ActiveCfg = Debug|Any CPU
		{14CBBE65-CAB8-40B5-9AB9-04E4DF62F167}.Debug|x86.Build.0 = Debug|Any CPU
		{14CBBE65-CAB8-40B5-9AB9-04E4DF62F167}.Release|Any CPU.ActiveCfg = Release|Any CPU
		{14CBBE65-CAB8-40B5-9AB9-04E4DF62F167}.Release|Any CPU.Build.0 = Release|Any CPU
		{14CBBE65-CAB8-40B5-9AB9-04E4DF62F167}.Release|x64.ActiveCfg = Release|Any CPU
		{14CBBE65-CAB8-40B5-9AB9-04E4DF62F167}.Release|x64.Build.0 = Release|Any CPU
		{14CBBE65-CAB8-40B5-9AB9-04E4DF62F167}.Release|x86.ActiveCfg = Release|Any CPU
		{14CBBE65-CAB8-40B5-9AB9-04E4DF62F167}.Release|x86.Build.0 = Release|Any CPU
		{11E6F28E-DBA8-4DEA-B63A-86B210A85ECB}.Debug|Any CPU.ActiveCfg = Debug|Any CPU
		{11E6F28E-DBA8-4DEA-B63A-86B210A85ECB}.Debug|Any CPU.Build.0 = Debug|Any CPU
		{11E6F28E-DBA8-4DEA-B63A-86B210A85ECB}.Debug|x64.ActiveCfg = Debug|Any CPU
		{11E6F28E-DBA8-4DEA-B63A-86B210A85ECB}.Debug|x64.Build.0 = Debug|Any CPU
		{11E6F28E-DBA8-4DEA-B63A-86B210A85ECB}.Debug|x86.ActiveCfg = Debug|Any CPU
		{11E6F28E-DBA8-4DEA-B63A-86B210A85ECB}.Debug|x86.Build.0 = Debug|Any CPU
		{11E6F28E-DBA8-4DEA-B63A-86B210A85ECB}.Release|Any CPU.ActiveCfg = Release|Any CPU
		{11E6F28E-DBA8-4DEA-B63A-86B210A85ECB}.Release|Any CPU.Build.0 = Release|Any CPU
		{11E6F28E-DBA8-4DEA-B63A-86B210A85ECB}.Release|x64.ActiveCfg = Release|Any CPU
		{11E6F28E-DBA8-4DEA-B63A-86B210A85ECB}.Release|x64.Build.0 = Release|Any CPU
		{11E6F28E-DBA8-4DEA-B63A-86B210A85ECB}.Release|x86.ActiveCfg = Release|Any CPU
		{11E6F28E-DBA8-4DEA-B63A-86B210A85ECB}.Release|x86.Build.0 = Release|Any CPU
		{1207B3ED-FC42-4130-917B-3AC8C0AE89DA}.Debug|Any CPU.ActiveCfg = Debug|Any CPU
		{1207B3ED-FC42-4130-917B-3AC8C0AE89DA}.Debug|Any CPU.Build.0 = Debug|Any CPU
		{1207B3ED-FC42-4130-917B-3AC8C0AE89DA}.Debug|x64.ActiveCfg = Debug|Any CPU
		{1207B3ED-FC42-4130-917B-3AC8C0AE89DA}.Debug|x64.Build.0 = Debug|Any CPU
		{1207B3ED-FC42-4130-917B-3AC8C0AE89DA}.Debug|x86.ActiveCfg = Debug|Any CPU
		{1207B3ED-FC42-4130-917B-3AC8C0AE89DA}.Debug|x86.Build.0 = Debug|Any CPU
		{1207B3ED-FC42-4130-917B-3AC8C0AE89DA}.Release|Any CPU.ActiveCfg = Release|Any CPU
		{1207B3ED-FC42-4130-917B-3AC8C0AE89DA}.Release|Any CPU.Build.0 = Release|Any CPU
		{1207B3ED-FC42-4130-917B-3AC8C0AE89DA}.Release|x64.ActiveCfg = Release|Any CPU
		{1207B3ED-FC42-4130-917B-3AC8C0AE89DA}.Release|x64.Build.0 = Release|Any CPU
		{1207B3ED-FC42-4130-917B-3AC8C0AE89DA}.Release|x86.ActiveCfg = Release|Any CPU
		{1207B3ED-FC42-4130-917B-3AC8C0AE89DA}.Release|x86.Build.0 = Release|Any CPU
		{494A0552-94FC-41AE-B12B-470C4A4B18E3}.Debug|Any CPU.ActiveCfg = Debug|Any CPU
		{494A0552-94FC-41AE-B12B-470C4A4B18E3}.Debug|Any CPU.Build.0 = Debug|Any CPU
		{494A0552-94FC-41AE-B12B-470C4A4B18E3}.Debug|x64.ActiveCfg = Debug|Any CPU
		{494A0552-94FC-41AE-B12B-470C4A4B18E3}.Debug|x64.Build.0 = Debug|Any CPU
		{494A0552-94FC-41AE-B12B-470C4A4B18E3}.Debug|x86.ActiveCfg = Debug|Any CPU
		{494A0552-94FC-41AE-B12B-470C4A4B18E3}.Debug|x86.Build.0 = Debug|Any CPU
		{494A0552-94FC-41AE-B12B-470C4A4B18E3}.Release|Any CPU.ActiveCfg = Release|Any CPU
		{494A0552-94FC-41AE-B12B-470C4A4B18E3}.Release|Any CPU.Build.0 = Release|Any CPU
		{494A0552-94FC-41AE-B12B-470C4A4B18E3}.Release|x64.ActiveCfg = Release|Any CPU
		{494A0552-94FC-41AE-B12B-470C4A4B18E3}.Release|x64.Build.0 = Release|Any CPU
		{494A0552-94FC-41AE-B12B-470C4A4B18E3}.Release|x86.ActiveCfg = Release|Any CPU
		{494A0552-94FC-41AE-B12B-470C4A4B18E3}.Release|x86.Build.0 = Release|Any CPU
		{D4A3C6E1-7B2F-4E8A-9C5D-1F6A8B3E2D47}.Debug|Any CPU.ActiveCfg = Debug|Any CPU
		{D4A3C6E1-7B2F-4E8A-9C5D-1F6A8B3E2D47}.Debug|Any CPU.Build.0 = Debug|Any CPU
		{D4A3C6E1-7B2F-4E8A-9C5D-1F6A8B3E2D47}.Debug|x64.ActiveCfg = Debug|Any CPU
		{D4A3C6E1-7B2F-4E8A-9C5D-1F6A8B3E2D47}.Debug|x64.Build.0 = Debug|Any CPU
		{D4A3C6E1-7B2F-4E8A-9C5D-1F6A8B3E2D47}.Debug|x86.ActiveCfg = Debug|Any CPU
		{D4A3C6E1-7B2F-4E8A-9C5D-1F6A8B3E2D47}.Debug|x86.Build.0 = Debug|Any CPU
		{D4A3C6E1-7B2F-4E8A-9C5D-1F6A8B3E2D47}.Release|Any CPU.ActiveCfg = Release|Any CPU
		{D4A3C6E1-7B2F-4E8A-9C5D-1F6A8B3E2D47}.Release|Any CPU.Build.0 = Release|Any CPU
		{D4A3C6E1-7B2F-4E8A-9C5D-1F6A8B3E2D47}.Release|x64.ActiveCfg = Release|Any CPU
		{D4A3C6E1-7B2F-4E8A-9C5D-1F6A8B3E2D47}.Release|x64.Build.0 = Release|Any CPU
		{D4A3C6E1-7B2F-4E8A-9C5D-1F6A8B3E2D47}.Release|x86.ActiveCfg = Release|Any CPU
		{D4A3C6E1-7B2F-4E8A-9C5D-1F6A8B3E2D47}.Release|x86.Build.0 = Release|Any CPU
		{A8E5F2B1-3C6D-4A9E-B7F1-2D4C8E6A5B39}.Debug|Any CPU.ActiveCfg = Debug|Any CPU
		{A8E5F2B1-3C6D-4A9E-B7F1-2D4C8E6A5B39}.Debug|Any CPU.Build.0 = Debug|Any CPU
		{A8E5F2B1-3C6D-4A9E-B7F1-2D4C8E6A5B39}.Debug|x64.ActiveCfg = Debug|Any CPU
		{A8E5F2B1-3C6D-4A9E-B7F1-2D4C8E6A5B39}.Debug|x64.Build.0 = Debug|Any CPU
		{A8E5F2B1-3C6D-4A9E-B7F1-2D4C8E6A5B39}.Debug|x86.ActiveCfg = Debug|Any CPU
		{A8E5F2B1-3C6D-4A9E-B7F1-2D4C8E6A5B39}.Debug|x86.Build.0 = Debug|Any CPU
		{A8E5F2B1-3C6D-4A9E-B7F1-2D4C8E6A5B39}.Release|Any CPU.ActiveCfg = Release|Any CPU
		{A8E5F2B1-3C6D-4A9E-B7F1-2D4C8E6A5B39}.Release|Any CPU.Build.0 = Release|Any CPU
		{A8E5F2B1-3C6D-4A9E-B7F1-2D4C8E6A5B39}.Release|x64.ActiveCfg = Release|Any CPU
		{A8E5F2B1-3C6D-4A9E-B7F1-2D4C8E6A5B39}.Release|x64.Build.0 = Release|Any CPU
		{A8E5F2B1-3C6D-4A9E-B7F1-2D4C8E6A5B39}.Release|x86.ActiveCfg = Release|Any CPU
		{A8E5F2B1-3C6D-4A9E-B7F1-2D4C8E6A5B39}.Release|x86.Build.0 = Release|Any CPU
	EndGlobalSection
	GlobalSection(SolutionProperties) = preSolution
		HideSolutionNode = FALSE
	EndGlobalSection
	GlobalSection(NestedProjects) = preSolution
		{93E83DE8-820C-49A8-8A84-1C406DF6CFF7} = {C2BE1865-1543-4EBB-9E95-92EE083BF967}
		{0B0DC14D-2235-43FB-86C1-D77AD385E04E} = {C2BE1865-1543-4EBB-9E95-92EE083BF967}
		{2FE8120B-7CA4-4F49-A35C-8B9E180A6418} = {C2BE1865-1543-4EBB-9E95-92EE083BF967}
		{F2846329-748F-4607-B8A7-8AF32AB020D9} = {C2BE1865-1543-4EBB-9E95-92EE083BF967}
		{B1585762-B04F-40CF-B379-5EC8CF7C1251} = {C2BE1865-1543-4EBB-9E95-92EE083BF967}
		{AFCD8D8C-1B26-4F6E-A922-A8DFE35A4A73} = {C2BE1865-1543-4EBB-9E95-92EE083BF967}
		{F07962F5-C9E2-4DBA-981E-B7409742BC49} = {47F5729D-17CB-4046-88FA-BB0F9F660B6E}
		{C687CBAE-A3C7-4F59-9672-23AFBFCB0321} = {47F5729D-17CB-4046-88FA-BB0F9F660B6E}
		{92175FE9-1532-45E7-840C-F409151AAE8F} = {47F5729D-17CB-4046-88FA-BB0F9F660B6E}
		{0A17E09C-E10F-4DFC-B90A-215BD4DCAB2E} = {47F5729D-17CB-4046-88FA-BB0F9F660B6E}
		{DE81B21F-884B-4323-AB42-C282F0F78FA2} = {C2BE1865-1543-4EBB-9E95-92EE083BF967}
		{14CBBE65-CAB8-40B5-9AB9-04E4DF62F167} = {C2BE1865-1543-4EBB-9E95-92EE083BF967}
		{11E6F28E-DBA8-4DEA-B63A-86B210A85ECB} = {C2BE1865-1543-4EBB-9E95-92EE083BF967}
		{1207B3ED-FC42-4130-917B-3AC8C0AE89DA} = {C2BE1865-1543-4EBB-9E95-92EE083BF967}
		{494A0552-94FC-41AE-B12B-470C4A4B18E3} = {47F5729D-17CB-4046-88FA-BB0F9F660B6E}
		{D4A3C6E1-7B2F-4E8A-9C5D-1F6A8B3E2D47} = {C2BE1865-1543-4EBB-9E95-92EE083BF967}
		{A8E5F2B1-3C6D-4A9E-B7F1-2D4C8E6A5B39} = {47F5729D-17CB-4046-88FA-BB0F9F660B6E}
	EndGlobalSection
	GlobalSection(ExtensibilityGlobals) = postSolution
		SolutionGuid = {3A99AF87-BFA9-49CF-A20A-71753BE54A53}
	EndGlobalSection
EndGlobal
